
Microsoft Visual Studio Solution File, Format Version 12.00
# Visual Studio 15
VisualStudioVersion = 15.0.27130.2027
MinimumVisualStudioVersion = 10.0.40219.1
Project("{FAE04EC0-301F-11D3-BF4B-00C04F79EFBC}") = "WebApplication1", "WebApplication1\WebApplication1.csproj", "{72C28F37-27E3-45DA-967C-E449E949FC76}"
EndProject
Global
	GlobalSection(SolutionConfigurationPlatforms) = preSolution
		Debug|Any CPU = Debug|Any CPU
		Release|Any CPU = Release|Any CPU
	EndGlobalSection
	GlobalSection(ProjectConfigurationPlatforms) = postSolution
		{72C28F37-27E3-45DA-967C-E449E949FC76}.Debug|Any CPU.ActiveCfg = Debug|Any CPU
		{72C28F37-27E3-45DA-967C-E449E949FC76}.Debug|Any CPU.Build.0 = Debug|Any CPU
		{72C28F37-27E3-45DA-967C-E449E949FC76}.Release|Any CPU.ActiveCfg = Release|Any CPU
		{72C28F37-27E3-45DA-967C-E449E949FC76}.Release|Any CPU.Build.0 = Release|Any CPU
	EndGlobalSection
	GlobalSection(SolutionProperties) = preSolution
		HideSolutionNode = FALSE
	EndGlobalSection
	GlobalSection(ExtensibilityGlobals) = postSolution
		SolutionGuid = {19617BBB-3407-46ED-9D53-B27D010D4087}
	EndGlobalSection
EndGlobal
